
Microsoft Visual Studio Solution File, Format Version 12.00
# Visual Studio Version 17
VisualStudioVersion = 17.14.37027.9 d17.14
MinimumVisualStudioVersion = 10.0.40219.1
Project("{FAE04EC0-301F-11D3-BF4B-00C04F79EFBC}") = "ConsoleApp1", "ConsoleApp1\ConsoleApp1.csproj", "{389EBAC4-540D-4DA9-AE12-13AB6AF8BF84}"
EndProject
Global
	GlobalSection(SolutionConfigurationPlatforms) = preSolution
		Debug|Any CPU = Debug|Any CPU
		Release|Any CPU = Release|Any CPU
	EndGlobalSection
	GlobalSection(ProjectConfigurationPlatforms) = postSolution
		{389EBAC4-540D-4DA9-AE12-13AB6AF8BF84}.Debug|Any CPU.ActiveCfg = Debug|Any CPU
		{389EBAC4-540D-4DA9-AE12-13AB6AF8BF84}.Debug|Any CPU.Build.0 = Debug|Any CPU
		{389EBAC4-540D-4DA9-AE12-13AB6AF8BF84}.Release|Any CPU.ActiveCfg = Release|Any CPU
		{389EBAC4-540D-4DA9-AE12-13AB6AF8BF84}.Release|Any CPU.Build.0 = Release|Any CPU
	EndGlobalSection
	GlobalSection(SolutionProperties) = preSolution
		HideSolutionNode = FALSE
	EndGlobalSection
	GlobalSection(ExtensibilityGlobals) = postSolution
		SolutionGuid = {CADC4E77-BFD1-4FFD-BE17-8BCA2F88D89E}
	EndGlobalSection
EndGlobal
