
Microsoft Visual Studio Solution File, Format Version 12.00
# Visual Studio Version 17
VisualStudioVersion = 17.14.37027.9 d17.14
MinimumVisualStudioVersion = 10.0.40219.1
Project("{FAE04EC0-301F-11D3-BF4B-00C04F79EFBC}") = "WebApplication3", "WebApplication3\WebApplication3.csproj", "{15507A68-6ADA-4DA8-83B5-DA624740141A}"
EndProject
Global
	GlobalSection(SolutionConfigurationPlatforms) = preSolution
		Debug|Any CPU = Debug|Any CPU
		Release|Any CPU = Release|Any CPU
	EndGlobalSection
	GlobalSection(ProjectConfigurationPlatforms) = postSolution
		{15507A68-6ADA-4DA8-83B5-DA624740141A}.Debug|Any CPU.ActiveCfg = Debug|Any CPU
		{15507A68-6ADA-4DA8-83B5-DA624740141A}.Debug|Any CPU.Build.0 = Debug|Any CPU
		{15507A68-6ADA-4DA8-83B5-DA624740141A}.Release|Any CPU.ActiveCfg = Release|Any CPU
		{15507A68-6ADA-4DA8-83B5-DA624740141A}.Release|Any CPU.Build.0 = Release|Any CPU
	EndGlobalSection
	GlobalSection(SolutionProperties) = preSolution
		HideSolutionNode = FALSE
	EndGlobalSection
	GlobalSection(ExtensibilityGlobals) = postSolution
		SolutionGuid = {360F5452-B5CD-491D-B490-178F6A0405C0}
	EndGlobalSection
EndGlobal
